
Microsoft Visual Studio Solution File, Format Version 12.00
# Visual Studio Version 16
VisualStudioVersion = 16.0.32126.315
MinimumVisualStudioVersion = 10.0.40219.1
Project("{FAE04EC0-301F-11D3-BF4B-00C04F79EFBC}") = "FixedAssetsManagement", "FixedAssetsManagement\FixedAssetsManagement.csproj", "{C941C4B3-77F6-4CCF-AFD8-DFE053D4A956}"
EndProject
Global
	GlobalSection(SolutionConfigurationPlatforms) = preSolution
		Debug|Any CPU = Debug|Any CPU
		Release|Any CPU = Release|Any CPU
	EndGlobalSection
	GlobalSection(ProjectConfigurationPlatforms) = postSolution
		{C941C4B3-77F6-4CCF-AFD8-DFE053D4A956}.Debug|Any CPU.ActiveCfg = Debug|Any CPU
		{C941C4B3-77F6-4CCF-AFD8-DFE053D4A956}.Debug|Any CPU.Build.0 = Debug|Any CPU
		{C941C4B3-77F6-4CCF-AFD8-DFE053D4A956}.Release|Any CPU.ActiveCfg = Release|Any CPU
		{C941C4B3-77F6-4CCF-AFD8-DFE053D4A956}.Release|Any CPU.Build.0 = Release|Any CPU
	EndGlobalSection
	GlobalSection(SolutionProperties) = preSolution
		HideSolutionNode = FALSE
	EndGlobalSection
	GlobalSection(ExtensibilityGlobals) = postSolution
		SolutionGuid = {A7871C59-F10D-4543-BE05-896FED1B0EB3}
	EndGlobalSection
EndGlobal
